{
    "version": 3,
    "terraform_version": "0.11.10",
    "serial": 2,
    "lineage": "0e6769df-cfc2-7dff-4651-5f366425f4e4",
    "modules": [
        {
            "path": [
                "root"
            ],
            "outputs": {},
            "resources": {},
            "depends_on": []
        },
        {
            "path": [
                "root",
                "myec2"
            ],
            "outputs": {},
            "resources": {
                "aws_instance.myweb": {
                    "type": "aws_instance",
                    "depends_on": [],
                    "primary": {
                        "id": "i-0acd3b4ceb71a059f",
                        "attributes": {
                            "ami": "ami-09ead922c1dad67e4",
                            "arn": "arn:aws:ec2:eu-west-2:885076065006:instance/i-0acd3b4ceb71a059f",
                            "associate_public_ip_address": "true",
                            "availability_zone": "eu-west-2a",
                            "cpu_core_count": "1",
                            "cpu_threads_per_core": "1",
                            "credit_specification.#": "1",
                            "credit_specification.0.cpu_credits": "standard",
                            "disable_api_termination": "false",
                            "ebs_block_device.#": "0",
                            "ebs_optimized": "false",
                            "ephemeral_block_device.#": "0",
                            "get_password_data": "false",
                            "iam_instance_profile": "",
                            "id": "i-0acd3b4ceb71a059f",
                            "instance_state": "running",
                            "instance_type": "t2.micro",
                            "ipv6_address_count": "0",
                            "ipv6_addresses.#": "0",
                            "key_name": "",
                            "monitoring": "false",
                            "network_interface.#": "0",
                            "password_data": "",
                            "placement_group": "",
                            "primary_network_interface_id": "eni-0a60ee5985ef6d9e2",
                            "private_dns": "ip-172-31-22-210.eu-west-2.compute.internal",
                            "private_ip": "172.31.22.210",
                            "public_dns": "ec2-3-8-116-42.eu-west-2.compute.amazonaws.com",
                            "public_ip": "3.8.116.42",
                            "root_block_device.#": "1",
                            "root_block_device.0.delete_on_termination": "true",
                            "root_block_device.0.iops": "100",
                            "root_block_device.0.volume_id": "vol-03bdf0dbdca07d48e",
                            "root_block_device.0.volume_size": "8",
                            "root_block_device.0.volume_type": "gp2",
                            "security_groups.#": "1",
                            "security_groups.3814588639": "default",
                            "source_dest_check": "true",
                            "subnet_id": "subnet-72bf7d08",
                            "tags.%": "1",
                            "tags.Managed": "Terraform",
                            "tenancy": "default",
                            "volume_tags.%": "0",
                            "vpc_security_group_ids.#": "1",
                            "vpc_security_group_ids.3643405454": "sg-f0e8759b"
                        },
                        "meta": {
                            "e2bfb730-ecaa-11e6-8f88-34363bc7c4c0": {
                                "create": 600000000000,
                                "delete": 1200000000000,
                                "update": 600000000000
                            },
                            "schema_version": "1"
                        },
                        "tainted": false
                    },
                    "deposed": [],
                    "provider": "provider.aws"
                }
            },
            "depends_on": []
        }
    ]
}
